
Microsoft Visual Studio Solution File, Format Version 12.00
# Visual Studio 15
VisualStudioVersion = 15.0.26430.15
MinimumVisualStudioVersion = 10.0.40219.1
Project("{FAE04EC0-301F-11D3-BF4B-00C04F79EFBC}") = "NFeFacil", "NFeFacil\NFeFacil.csproj", "{89DDBE2A-16B6-464E-AC64-EE01589A3415}"
	ProjectSection(ProjectDependencies) = postProject
		{066BAE5A-A3A9-490C-91B7-75D5B6827D95} = {066BAE5A-A3A9-490C-91B7-75D5B6827D95}
	EndProjectSection
EndProject
Project("{FAE04EC0-301F-11D3-BF4B-00C04F79EFBC}") = "ServidorCertificacaoConsole", "ServidorCertificacaoConsole\ServidorCertificacaoConsole.csproj", "{7B11C77F-4D88-4D5D-97A8-6B84212B2C31}"
EndProject
Project("{FAE04EC0-301F-11D3-BF4B-00C04F79EFBC}") = "Comum", "Comum\Comum.csproj", "{066BAE5A-A3A9-490C-91B7-75D5B6827D95}"
EndProject
Global
	GlobalSection(SolutionConfigurationPlatforms) = preSolution
		Debug|Any CPU = Debug|Any CPU
		Debug|ARM = Debug|ARM
		Debug|x64 = Debug|x64
		Debug|x86 = Debug|x86
		Release|Any CPU = Release|Any CPU
		Release|ARM = Release|ARM
		Release|x64 = Release|x64
		Release|x86 = Release|x86
	EndGlobalSection
	GlobalSection(ProjectConfigurationPlatforms) = postSolution
		{89DDBE2A-16B6-464E-AC64-EE01589A3415}.Debug|Any CPU.ActiveCfg = Debug|x86
		{89DDBE2A-16B6-464E-AC64-EE01589A3415}.Debug|ARM.ActiveCfg = Debug|ARM
		{89DDBE2A-16B6-464E-AC64-EE01589A3415}.Debug|ARM.Build.0 = Debug|ARM
		{89DDBE2A-16B6-464E-AC64-EE01589A3415}.Debug|ARM.Deploy.0 = Debug|ARM
		{89DDBE2A-16B6-464E-AC64-EE01589A3415}.Debug|x64.ActiveCfg = Debug|x64
		{89DDBE2A-16B6-464E-AC64-EE01589A3415}.Debug|x64.Build.0 = Debug|x64
		{89DDBE2A-16B6-464E-AC64-EE01589A3415}.Debug|x64.Deploy.0 = Debug|x64
		{89DDBE2A-16B6-464E-AC64-EE01589A3415}.Debug|x86.ActiveCfg = Debug|x86
		{89DDBE2A-16B6-464E-AC64-EE01589A3415}.Debug|x86.Build.0 = Debug|x86
		{89DDBE2A-16B6-464E-AC64-EE01589A3415}.Debug|x86.Deploy.0 = Debug|x86
		{89DDBE2A-16B6-464E-AC64-EE01589A3415}.Release|Any CPU.ActiveCfg = Release|x86
		{89DDBE2A-16B6-464E-AC64-EE01589A3415}.Release|ARM.ActiveCfg = Release|ARM
		{89DDBE2A-16B6-464E-AC64-EE01589A3415}.Release|ARM.Build.0 = Release|ARM
		{89DDBE2A-16B6-464E-AC64-EE01589A3415}.Release|ARM.Deploy.0 = Release|ARM
		{89DDBE2A-16B6-464E-AC64-EE01589A3415}.Release|x64.ActiveCfg = Release|x64
		{89DDBE2A-16B6-464E-AC64-EE01589A3415}.Release|x64.Build.0 = Release|x64
		{89DDBE2A-16B6-464E-AC64-EE01589A3415}.Release|x64.Deploy.0 = Release|x64
		{89DDBE2A-16B6-464E-AC64-EE01589A3415}.Release|x86.ActiveCfg = Release|x86
		{89DDBE2A-16B6-464E-AC64-EE01589A3415}.Release|x86.Build.0 = Release|x86
		{89DDBE2A-16B6-464E-AC64-EE01589A3415}.Release|x86.Deploy.0 = Release|x86
		{7B11C77F-4D88-4D5D-97A8-6B84212B2C31}.Debug|Any CPU.ActiveCfg = Debug|Any CPU
		{7B11C77F-4D88-4D5D-97A8-6B84212B2C31}.Debug|Any CPU.Build.0 = Debug|Any CPU
		{7B11C77F-4D88-4D5D-97A8-6B84212B2C31}.Debug|ARM.ActiveCfg = Debug|Any CPU
		{7B11C77F-4D88-4D5D-97A8-6B84212B2C31}.Debug|ARM.Build.0 = Debug|Any CPU
		{7B11C77F-4D88-4D5D-97A8-6B84212B2C31}.Debug|x64.ActiveCfg = Debug|Any CPU
		{7B11C77F-4D88-4D5D-97A8-6B84212B2C31}.Debug|x64.Build.0 = Debug|Any CPU
		{7B11C77F-4D88-4D5D-97A8-6B84212B2C31}.Debug|x86.ActiveCfg = Debug|Any CPU
		{7B11C77F-4D88-4D5D-97A8-6B84212B2C31}.Debug|x86.Build.0 = Debug|Any CPU
		{7B11C77F-4D88-4D5D-97A8-6B84212B2C31}.Release|Any CPU.ActiveCfg = Release|Any CPU
		{7B11C77F-4D88-4D5D-97A8-6B84212B2C31}.Release|Any CPU.Build.0 = Release|Any CPU
		{7B11C77F-4D88-4D5D-97A8-6B84212B2C31}.Release|ARM.ActiveCfg = Release|Any CPU
		{7B11C77F-4D88-4D5D-97A8-6B84212B2C31}.Release|ARM.Build.0 = Release|Any CPU
		{7B11C77F-4D88-4D5D-97A8-6B84212B2C31}.Release|x64.ActiveCfg = Release|Any CPU
		{7B11C77F-4D88-4D5D-97A8-6B84212B2C31}.Release|x64.Build.0 = Release|Any CPU
		{7B11C77F-4D88-4D5D-97A8-6B84212B2C31}.Release|x86.ActiveCfg = Release|Any CPU
		{7B11C77F-4D88-4D5D-97A8-6B84212B2C31}.Release|x86.Build.0 = Release|Any CPU
		{066BAE5A-A3A9-490C-91B7-75D5B6827D95}.Debug|Any CPU.ActiveCfg = Debug|Any CPU
		{066BAE5A-A3A9-490C-91B7-75D5B6827D95}.Debug|Any CPU.Build.0 = Debug|Any CPU
		{066BAE5A-A3A9-490C-91B7-75D5B6827D95}.Debug|ARM.ActiveCfg = Debug|Any CPU
		{066BAE5A-A3A9-490C-91B7-75D5B6827D95}.Debug|ARM.Build.0 = Debug|Any CPU
		{066BAE5A-A3A9-490C-91B7-75D5B6827D95}.Debug|x64.ActiveCfg = Debug|Any CPU
		{066BAE5A-A3A9-490C-91B7-75D5B6827D95}.Debug|x64.Build.0 = Debug|Any CPU
		{066BAE5A-A3A9-490C-91B7-75D5B6827D95}.Debug|x86.ActiveCfg = Debug|Any CPU
		{066BAE5A-A3A9-490C-91B7-75D5B6827D95}.Debug|x86.Build.0 = Debug|Any CPU
		{066BAE5A-A3A9-490C-91B7-75D5B6827D95}.Release|Any CPU.ActiveCfg = Release|Any CPU
		{066BAE5A-A3A9-490C-91B7-75D5B6827D95}.Release|Any CPU.Build.0 = Release|Any CPU
		{066BAE5A-A3A9-490C-91B7-75D5B6827D95}.Release|ARM.ActiveCfg = Release|Any CPU
		{066BAE5A-A3A9-490C-91B7-75D5B6827D95}.Release|ARM.Build.0 = Release|Any CPU
		{066BAE5A-A3A9-490C-91B7-75D5B6827D95}.Release|x64.ActiveCfg = Release|Any CPU
		{066BAE5A-A3A9-490C-91B7-75D5B6827D95}.Release|x64.Build.0 = Release|Any CPU
		{066BAE5A-A3A9-490C-91B7-75D5B6827D95}.Release|x86.ActiveCfg = Release|Any CPU
		{066BAE5A-A3A9-490C-91B7-75D5B6827D95}.Release|x86.Build.0 = Release|Any CPU
	EndGlobalSection
	GlobalSection(SolutionProperties) = preSolution
		HideSolutionNode = FALSE
	EndGlobalSection
EndGlobal
