
Microsoft Visual Studio Solution File, Format Version 12.00
# Visual Studio 15
VisualStudioVersion = 15.0.26430.13
MinimumVisualStudioVersion = 10.0.40219.1
Project("{FAE04EC0-301F-11D3-BF4B-00C04F79EFBC}") = "NFeFacil", "NFeFacil\NFeFacil.csproj", "{89DDBE2A-16B6-464E-AC64-EE01589A3415}"
	ProjectSection(ProjectDependencies) = postProject
		{B59A85AA-2D60-4D5B-8104-DCB0A3F25019} = {B59A85AA-2D60-4D5B-8104-DCB0A3F25019}
		{C01C58EA-15A2-4C80-A021-DA71CFC2BAED} = {C01C58EA-15A2-4C80-A021-DA71CFC2BAED}
	EndProjectSection
EndProject
Project("{FAE04EC0-301F-11D3-BF4B-00C04F79EFBC}") = "BibliotecaCentral", "BibliotecaCentral\BibliotecaCentral.csproj", "{B59A85AA-2D60-4D5B-8104-DCB0A3F25019}"
EndProject
Project("{FAE04EC0-301F-11D3-BF4B-00C04F79EFBC}") = "Background", "Background\Background.csproj", "{C01C58EA-15A2-4C80-A021-DA71CFC2BAED}"
EndProject
Project("{FAE04EC0-301F-11D3-BF4B-00C04F79EFBC}") = "System.Security.Cryptography", "System.Security.Cryptography.Xml\System.Security.Cryptography.csproj", "{05DC9912-EACD-43EE-97D4-C645F12C0B4F}"
EndProject
Project("{FAE04EC0-301F-11D3-BF4B-00C04F79EFBC}") = "ServidorCertificacaoConsole", "ServidorCertificacaoConsole\ServidorCertificacaoConsole.csproj", "{7B11C77F-4D88-4D5D-97A8-6B84212B2C31}"
EndProject
Project("{FAE04EC0-301F-11D3-BF4B-00C04F79EFBC}") = "CodigoBarras", "CodigoBarras\CodigoBarras.csproj", "{7C6695EA-1AC5-470B-98AD-AAED185C6F9F}"
EndProject
Global
	GlobalSection(SolutionConfigurationPlatforms) = preSolution
		Debug|Any CPU = Debug|Any CPU
		Debug|ARM = Debug|ARM
		Debug|x64 = Debug|x64
		Debug|x86 = Debug|x86
		Release|Any CPU = Release|Any CPU
		Release|ARM = Release|ARM
		Release|x64 = Release|x64
		Release|x86 = Release|x86
	EndGlobalSection
	GlobalSection(ProjectConfigurationPlatforms) = postSolution
		{89DDBE2A-16B6-464E-AC64-EE01589A3415}.Debug|Any CPU.ActiveCfg = Debug|x86
		{89DDBE2A-16B6-464E-AC64-EE01589A3415}.Debug|ARM.ActiveCfg = Debug|ARM
		{89DDBE2A-16B6-464E-AC64-EE01589A3415}.Debug|ARM.Build.0 = Debug|ARM
		{89DDBE2A-16B6-464E-AC64-EE01589A3415}.Debug|ARM.Deploy.0 = Debug|ARM
		{89DDBE2A-16B6-464E-AC64-EE01589A3415}.Debug|x64.ActiveCfg = Debug|x64
		{89DDBE2A-16B6-464E-AC64-EE01589A3415}.Debug|x64.Build.0 = Debug|x64
		{89DDBE2A-16B6-464E-AC64-EE01589A3415}.Debug|x64.Deploy.0 = Debug|x64
		{89DDBE2A-16B6-464E-AC64-EE01589A3415}.Debug|x86.ActiveCfg = Debug|x86
		{89DDBE2A-16B6-464E-AC64-EE01589A3415}.Debug|x86.Build.0 = Debug|x86
		{89DDBE2A-16B6-464E-AC64-EE01589A3415}.Debug|x86.Deploy.0 = Debug|x86
		{89DDBE2A-16B6-464E-AC64-EE01589A3415}.Release|Any CPU.ActiveCfg = Release|x86
		{89DDBE2A-16B6-464E-AC64-EE01589A3415}.Release|ARM.ActiveCfg = Release|ARM
		{89DDBE2A-16B6-464E-AC64-EE01589A3415}.Release|ARM.Build.0 = Release|ARM
		{89DDBE2A-16B6-464E-AC64-EE01589A3415}.Release|ARM.Deploy.0 = Release|ARM
		{89DDBE2A-16B6-464E-AC64-EE01589A3415}.Release|x64.ActiveCfg = Release|x64
		{89DDBE2A-16B6-464E-AC64-EE01589A3415}.Release|x64.Build.0 = Release|x64
		{89DDBE2A-16B6-464E-AC64-EE01589A3415}.Release|x64.Deploy.0 = Release|x64
		{89DDBE2A-16B6-464E-AC64-EE01589A3415}.Release|x86.ActiveCfg = Release|x86
		{89DDBE2A-16B6-464E-AC64-EE01589A3415}.Release|x86.Build.0 = Release|x86
		{89DDBE2A-16B6-464E-AC64-EE01589A3415}.Release|x86.Deploy.0 = Release|x86
		{B59A85AA-2D60-4D5B-8104-DCB0A3F25019}.Debug|Any CPU.ActiveCfg = Debug|Any CPU
		{B59A85AA-2D60-4D5B-8104-DCB0A3F25019}.Debug|Any CPU.Build.0 = Debug|Any CPU
		{B59A85AA-2D60-4D5B-8104-DCB0A3F25019}.Debug|ARM.ActiveCfg = Debug|ARM
		{B59A85AA-2D60-4D5B-8104-DCB0A3F25019}.Debug|ARM.Build.0 = Debug|ARM
		{B59A85AA-2D60-4D5B-8104-DCB0A3F25019}.Debug|x64.ActiveCfg = Debug|x64
		{B59A85AA-2D60-4D5B-8104-DCB0A3F25019}.Debug|x64.Build.0 = Debug|x64
		{B59A85AA-2D60-4D5B-8104-DCB0A3F25019}.Debug|x86.ActiveCfg = Debug|x86
		{B59A85AA-2D60-4D5B-8104-DCB0A3F25019}.Debug|x86.Build.0 = Debug|x86
		{B59A85AA-2D60-4D5B-8104-DCB0A3F25019}.Release|Any CPU.ActiveCfg = Release|Any CPU
		{B59A85AA-2D60-4D5B-8104-DCB0A3F25019}.Release|Any CPU.Build.0 = Release|Any CPU
		{B59A85AA-2D60-4D5B-8104-DCB0A3F25019}.Release|ARM.ActiveCfg = Release|ARM
		{B59A85AA-2D60-4D5B-8104-DCB0A3F25019}.Release|ARM.Build.0 = Release|ARM
		{B59A85AA-2D60-4D5B-8104-DCB0A3F25019}.Release|x64.ActiveCfg = Release|x64
		{B59A85AA-2D60-4D5B-8104-DCB0A3F25019}.Release|x64.Build.0 = Release|x64
		{B59A85AA-2D60-4D5B-8104-DCB0A3F25019}.Release|x86.ActiveCfg = Release|x86
		{B59A85AA-2D60-4D5B-8104-DCB0A3F25019}.Release|x86.Build.0 = Release|x86
		{C01C58EA-15A2-4C80-A021-DA71CFC2BAED}.Debug|Any CPU.ActiveCfg = Debug|Any CPU
		{C01C58EA-15A2-4C80-A021-DA71CFC2BAED}.Debug|Any CPU.Build.0 = Debug|Any CPU
		{C01C58EA-15A2-4C80-A021-DA71CFC2BAED}.Debug|ARM.ActiveCfg = Debug|ARM
		{C01C58EA-15A2-4C80-A021-DA71CFC2BAED}.Debug|ARM.Build.0 = Debug|ARM
		{C01C58EA-15A2-4C80-A021-DA71CFC2BAED}.Debug|x64.ActiveCfg = Debug|x64
		{C01C58EA-15A2-4C80-A021-DA71CFC2BAED}.Debug|x64.Build.0 = Debug|x64
		{C01C58EA-15A2-4C80-A021-DA71CFC2BAED}.Debug|x86.ActiveCfg = Debug|x86
		{C01C58EA-15A2-4C80-A021-DA71CFC2BAED}.Debug|x86.Build.0 = Debug|x86
		{C01C58EA-15A2-4C80-A021-DA71CFC2BAED}.Release|Any CPU.ActiveCfg = Release|Any CPU
		{C01C58EA-15A2-4C80-A021-DA71CFC2BAED}.Release|Any CPU.Build.0 = Release|Any CPU
		{C01C58EA-15A2-4C80-A021-DA71CFC2BAED}.Release|ARM.ActiveCfg = Release|ARM
		{C01C58EA-15A2-4C80-A021-DA71CFC2BAED}.Release|ARM.Build.0 = Release|ARM
		{C01C58EA-15A2-4C80-A021-DA71CFC2BAED}.Release|x64.ActiveCfg = Release|x64
		{C01C58EA-15A2-4C80-A021-DA71CFC2BAED}.Release|x64.Build.0 = Release|x64
		{C01C58EA-15A2-4C80-A021-DA71CFC2BAED}.Release|x86.ActiveCfg = Release|x86
		{C01C58EA-15A2-4C80-A021-DA71CFC2BAED}.Release|x86.Build.0 = Release|x86
		{05DC9912-EACD-43EE-97D4-C645F12C0B4F}.Debug|Any CPU.ActiveCfg = Debug|Any CPU
		{05DC9912-EACD-43EE-97D4-C645F12C0B4F}.Debug|Any CPU.Build.0 = Debug|Any CPU
		{05DC9912-EACD-43EE-97D4-C645F12C0B4F}.Debug|ARM.ActiveCfg = Debug|ARM
		{05DC9912-EACD-43EE-97D4-C645F12C0B4F}.Debug|ARM.Build.0 = Debug|ARM
		{05DC9912-EACD-43EE-97D4-C645F12C0B4F}.Debug|x64.ActiveCfg = Debug|x64
		{05DC9912-EACD-43EE-97D4-C645F12C0B4F}.Debug|x64.Build.0 = Debug|x64
		{05DC9912-EACD-43EE-97D4-C645F12C0B4F}.Debug|x86.ActiveCfg = Debug|x86
		{05DC9912-EACD-43EE-97D4-C645F12C0B4F}.Debug|x86.Build.0 = Debug|x86
		{05DC9912-EACD-43EE-97D4-C645F12C0B4F}.Release|Any CPU.ActiveCfg = Release|Any CPU
		{05DC9912-EACD-43EE-97D4-C645F12C0B4F}.Release|Any CPU.Build.0 = Release|Any CPU
		{05DC9912-EACD-43EE-97D4-C645F12C0B4F}.Release|ARM.ActiveCfg = Release|ARM
		{05DC9912-EACD-43EE-97D4-C645F12C0B4F}.Release|ARM.Build.0 = Release|ARM
		{05DC9912-EACD-43EE-97D4-C645F12C0B4F}.Release|x64.ActiveCfg = Release|x64
		{05DC9912-EACD-43EE-97D4-C645F12C0B4F}.Release|x64.Build.0 = Release|x64
		{05DC9912-EACD-43EE-97D4-C645F12C0B4F}.Release|x86.ActiveCfg = Release|x86
		{05DC9912-EACD-43EE-97D4-C645F12C0B4F}.Release|x86.Build.0 = Release|x86
		{7B11C77F-4D88-4D5D-97A8-6B84212B2C31}.Debug|Any CPU.ActiveCfg = Debug|Any CPU
		{7B11C77F-4D88-4D5D-97A8-6B84212B2C31}.Debug|Any CPU.Build.0 = Debug|Any CPU
		{7B11C77F-4D88-4D5D-97A8-6B84212B2C31}.Debug|ARM.ActiveCfg = Debug|Any CPU
		{7B11C77F-4D88-4D5D-97A8-6B84212B2C31}.Debug|ARM.Build.0 = Debug|Any CPU
		{7B11C77F-4D88-4D5D-97A8-6B84212B2C31}.Debug|x64.ActiveCfg = Debug|Any CPU
		{7B11C77F-4D88-4D5D-97A8-6B84212B2C31}.Debug|x64.Build.0 = Debug|Any CPU
		{7B11C77F-4D88-4D5D-97A8-6B84212B2C31}.Debug|x86.ActiveCfg = Debug|Any CPU
		{7B11C77F-4D88-4D5D-97A8-6B84212B2C31}.Debug|x86.Build.0 = Debug|Any CPU
		{7B11C77F-4D88-4D5D-97A8-6B84212B2C31}.Release|Any CPU.ActiveCfg = Release|Any CPU
		{7B11C77F-4D88-4D5D-97A8-6B84212B2C31}.Release|Any CPU.Build.0 = Release|Any CPU
		{7B11C77F-4D88-4D5D-97A8-6B84212B2C31}.Release|ARM.ActiveCfg = Release|Any CPU
		{7B11C77F-4D88-4D5D-97A8-6B84212B2C31}.Release|ARM.Build.0 = Release|Any CPU
		{7B11C77F-4D88-4D5D-97A8-6B84212B2C31}.Release|x64.ActiveCfg = Release|Any CPU
		{7B11C77F-4D88-4D5D-97A8-6B84212B2C31}.Release|x64.Build.0 = Release|Any CPU
		{7B11C77F-4D88-4D5D-97A8-6B84212B2C31}.Release|x86.ActiveCfg = Release|Any CPU
		{7B11C77F-4D88-4D5D-97A8-6B84212B2C31}.Release|x86.Build.0 = Release|Any CPU
		{7C6695EA-1AC5-470B-98AD-AAED185C6F9F}.Debug|Any CPU.ActiveCfg = Debug|Any CPU
		{7C6695EA-1AC5-470B-98AD-AAED185C6F9F}.Debug|Any CPU.Build.0 = Debug|Any CPU
		{7C6695EA-1AC5-470B-98AD-AAED185C6F9F}.Debug|ARM.ActiveCfg = Debug|ARM
		{7C6695EA-1AC5-470B-98AD-AAED185C6F9F}.Debug|ARM.Build.0 = Debug|ARM
		{7C6695EA-1AC5-470B-98AD-AAED185C6F9F}.Debug|x64.ActiveCfg = Debug|x64
		{7C6695EA-1AC5-470B-98AD-AAED185C6F9F}.Debug|x64.Build.0 = Debug|x64
		{7C6695EA-1AC5-470B-98AD-AAED185C6F9F}.Debug|x86.ActiveCfg = Debug|x86
		{7C6695EA-1AC5-470B-98AD-AAED185C6F9F}.Debug|x86.Build.0 = Debug|x86
		{7C6695EA-1AC5-470B-98AD-AAED185C6F9F}.Release|Any CPU.ActiveCfg = Release|Any CPU
		{7C6695EA-1AC5-470B-98AD-AAED185C6F9F}.Release|Any CPU.Build.0 = Release|Any CPU
		{7C6695EA-1AC5-470B-98AD-AAED185C6F9F}.Release|ARM.ActiveCfg = Release|ARM
		{7C6695EA-1AC5-470B-98AD-AAED185C6F9F}.Release|ARM.Build.0 = Release|ARM
		{7C6695EA-1AC5-470B-98AD-AAED185C6F9F}.Release|x64.ActiveCfg = Release|x64
		{7C6695EA-1AC5-470B-98AD-AAED185C6F9F}.Release|x64.Build.0 = Release|x64
		{7C6695EA-1AC5-470B-98AD-AAED185C6F9F}.Release|x86.ActiveCfg = Release|x86
		{7C6695EA-1AC5-470B-98AD-AAED185C6F9F}.Release|x86.Build.0 = Release|x86
	EndGlobalSection
	GlobalSection(SolutionProperties) = preSolution
		HideSolutionNode = FALSE
	EndGlobalSection
EndGlobal
